
Microsoft Visual Studio Solution File, Format Version 12.00
# Visual Studio Version 17
VisualStudioVersion = 17.9.34723.18
MinimumVisualStudioVersion = 10.0.40219.1
Project("{9A19103F-16F7-4668-BE54-9A1E7A4F7556}") = "BachelorproefVueScanner.Server", "BachelorproefVueScanner.Server\BachelorproefVueScanner.Server.csproj", "{0BE2AC96-233C-42E5-9B35-21D6C65AF023}"
EndProject
Project("{54A90642-561A-4BB1-A94E-469ADEE60C69}") = "bachelorproefvuescanner.client", "bachelorproefvuescanner.client\bachelorproefvuescanner.client.esproj", "{E69C1D31-82FD-434D-935E-44292C128871}"
EndProject
Project("{9A19103F-16F7-4668-BE54-9A1E7A4F7556}") = "BachelorproefVueScanner.Services", "BachelorproefVueScanner.Services\BachelorproefVueScanner.Services.csproj", "{D6E88743-A773-4E89-A9D7-782656C4316A}"
EndProject
Project("{9A19103F-16F7-4668-BE54-9A1E7A4F7556}") = "BachelorproefVueScanner.Shared", "BachelorproefVueScanner.Shared\BachelorproefVueScanner.Shared.csproj", "{20EFB19B-A37A-4264-AD90-32B7147347D1}"
EndProject
Project("{9A19103F-16F7-4668-BE54-9A1E7A4F7556}") = "BachelorproefVueScanner.Persistence", "BachelorproefVueScanner.Persistence\BachelorproefVueScanner.Persistence.csproj", "{B572F626-C11C-417C-90E8-DE6B29412901}"
EndProject
Project("{9A19103F-16F7-4668-BE54-9A1E7A4F7556}") = "BachelorproefVueScanner.Domain", "BachelorproefVueScanner.Domain\BachelorproefVueScanner.Domain.csproj", "{5687AB71-A74F-4B67-9F1D-6BBAB8101AD3}"
EndProject
Project("{2150E333-8FDC-42A3-9474-1A3956D46DE8}") = "Solution Items", "Solution Items", "{D52B57F7-C6BD-470A-95C2-8735B866FC46}"
	ProjectSection(SolutionItems) = preProject
		staticwebapp.config.json = staticwebapp.config.json
	EndProjectSection
EndProject
Global
	GlobalSection(SolutionConfigurationPlatforms) = preSolution
		Debug|Any CPU = Debug|Any CPU
		Release|Any CPU = Release|Any CPU
	EndGlobalSection
	GlobalSection(ProjectConfigurationPlatforms) = postSolution
		{0BE2AC96-233C-42E5-9B35-21D6C65AF023}.Debug|Any CPU.ActiveCfg = Debug|Any CPU
		{0BE2AC96-233C-42E5-9B35-21D6C65AF023}.Debug|Any CPU.Build.0 = Debug|Any CPU
		{0BE2AC96-233C-42E5-9B35-21D6C65AF023}.Release|Any CPU.ActiveCfg = Release|Any CPU
		{0BE2AC96-233C-42E5-9B35-21D6C65AF023}.Release|Any CPU.Build.0 = Release|Any CPU
		{E69C1D31-82FD-434D-935E-44292C128871}.Debug|Any CPU.ActiveCfg = Debug|Any CPU
		{E69C1D31-82FD-434D-935E-44292C128871}.Debug|Any CPU.Build.0 = Debug|Any CPU
		{E69C1D31-82FD-434D-935E-44292C128871}.Debug|Any CPU.Deploy.0 = Debug|Any CPU
		{E69C1D31-82FD-434D-935E-44292C128871}.Release|Any CPU.ActiveCfg = Release|Any CPU
		{E69C1D31-82FD-434D-935E-44292C128871}.Release|Any CPU.Build.0 = Release|Any CPU
		{E69C1D31-82FD-434D-935E-44292C128871}.Release|Any CPU.Deploy.0 = Release|Any CPU
		{D6E88743-A773-4E89-A9D7-782656C4316A}.Debug|Any CPU.ActiveCfg = Debug|Any CPU
		{D6E88743-A773-4E89-A9D7-782656C4316A}.Debug|Any CPU.Build.0 = Debug|Any CPU
		{D6E88743-A773-4E89-A9D7-782656C4316A}.Release|Any CPU.ActiveCfg = Release|Any CPU
		{D6E88743-A773-4E89-A9D7-782656C4316A}.Release|Any CPU.Build.0 = Release|Any CPU
		{20EFB19B-A37A-4264-AD90-32B7147347D1}.Debug|Any CPU.ActiveCfg = Debug|Any CPU
		{20EFB19B-A37A-4264-AD90-32B7147347D1}.Debug|Any CPU.Build.0 = Debug|Any CPU
		{20EFB19B-A37A-4264-AD90-32B7147347D1}.Release|Any CPU.ActiveCfg = Release|Any CPU
		{20EFB19B-A37A-4264-AD90-32B7147347D1}.Release|Any CPU.Build.0 = Release|Any CPU
		{B572F626-C11C-417C-90E8-DE6B29412901}.Debug|Any CPU.ActiveCfg = Debug|Any CPU
		{B572F626-C11C-417C-90E8-DE6B29412901}.Debug|Any CPU.Build.0 = Debug|Any CPU
		{B572F626-C11C-417C-90E8-DE6B29412901}.Release|Any CPU.ActiveCfg = Release|Any CPU
		{B572F626-C11C-417C-90E8-DE6B29412901}.Release|Any CPU.Build.0 = Release|Any CPU
		{5687AB71-A74F-4B67-9F1D-6BBAB8101AD3}.Debug|Any CPU.ActiveCfg = Debug|Any CPU
		{5687AB71-A74F-4B67-9F1D-6BBAB8101AD3}.Debug|Any CPU.Build.0 = Debug|Any CPU
		{5687AB71-A74F-4B67-9F1D-6BBAB8101AD3}.Release|Any CPU.ActiveCfg = Release|Any CPU
		{5687AB71-A74F-4B67-9F1D-6BBAB8101AD3}.Release|Any CPU.Build.0 = Release|Any CPU
	EndGlobalSection
	GlobalSection(SolutionProperties) = preSolution
		HideSolutionNode = FALSE
	EndGlobalSection
	GlobalSection(ExtensibilityGlobals) = postSolution
		SolutionGuid = {1C9A4533-D915-49C3-A6AA-7BFB745D9DB6}
	EndGlobalSection
EndGlobal
